// !$*UTF8*$!
{
	archiveVersion = 1;
	classes = {
	};
	objectVersion = 50;
	objects = {

/* Begin PBXBuildFile section */
		5819BD9025C9AB6D006EEBB2 /* BMS_AnimationBookApp.swift in Sources */ = {isa = PBXBuildFile; fileRef = 5819BD8F25C9AB6D006EEBB2 /* BMS_AnimationBookApp.swift */; };
		5819BD9225C9AB6D006EEBB2 /* NoAnimationExample.swift in Sources */ = {isa = PBXBuildFile; fileRef = 5819BD9125C9AB6D006EEBB2 /* NoAnimationExample.swift */; };
		5819BD9425C9AB6E006EEBB2 /* Assets.xcassets in Resources */ = {isa = PBXBuildFile; fileRef = 5819BD9325C9AB6E006EEBB2 /* Assets.xcassets */; };
		5819BD9725C9AB6E006EEBB2 /* Preview Assets.xcassets in Resources */ = {isa = PBXBuildFile; fileRef = 5819BD9625C9AB6E006EEBB2 /* Preview Assets.xcassets */; };
		5819BDA125C9AE5F006EEBB2 /* Conventions.swift in Sources */ = {isa = PBXBuildFile; fileRef = 5819BDA025C9AE5F006EEBB2 /* Conventions.swift */; };
		5819BDA725C9B320006EEBB2 /* ChallengeOne_Page22.swift in Sources */ = {isa = PBXBuildFile; fileRef = 5819BDA625C9B320006EEBB2 /* ChallengeOne_Page22.swift */; };
		5819BDAB25C9B57F006EEBB2 /* ChallengeOne_pt2.swift in Sources */ = {isa = PBXBuildFile; fileRef = 5819BDAA25C9B57F006EEBB2 /* ChallengeOne_pt2.swift */; };
		5819BDAE25C9B7EC006EEBB2 /* AnimateColor.swift in Sources */ = {isa = PBXBuildFile; fileRef = 5819BDAD25C9B7EC006EEBB2 /* AnimateColor.swift */; };
		5819BDB425C9BA31006EEBB2 /* AnimateHueRotation.swift in Sources */ = {isa = PBXBuildFile; fileRef = 5819BDB325C9BA31006EEBB2 /* AnimateHueRotation.swift */; };
		5819BDB725C9D31F006EEBB2 /* AnimateOffset.swift in Sources */ = {isa = PBXBuildFile; fileRef = 5819BDB625C9D31F006EEBB2 /* AnimateOffset.swift */; };
		5819BDBA25C9D94B006EEBB2 /* AnimateAlignment.swift in Sources */ = {isa = PBXBuildFile; fileRef = 5819BDB925C9D94B006EEBB2 /* AnimateAlignment.swift */; };
		5819BDBD25C9DBAF006EEBB2 /* AnimateGemoetryReader.swift in Sources */ = {isa = PBXBuildFile; fileRef = 5819BDBC25C9DBAF006EEBB2 /* AnimateGemoetryReader.swift */; };
		5819BDC025C9DD3F006EEBB2 /* AnimateOpacity.swift in Sources */ = {isa = PBXBuildFile; fileRef = 5819BDBF25C9DD3F006EEBB2 /* AnimateOpacity.swift */; };
		5819BDC325C9DEBF006EEBB2 /* AnimateRotation.swift in Sources */ = {isa = PBXBuildFile; fileRef = 5819BDC225C9DEBF006EEBB2 /* AnimateRotation.swift */; };
		5819BDC625C9E04F006EEBB2 /* AnimateRotationEffectAnchors.swift in Sources */ = {isa = PBXBuildFile; fileRef = 5819BDC525C9E04F006EEBB2 /* AnimateRotationEffectAnchors.swift */; };
		5819BDC925C9E25B006EEBB2 /* AnimateSizeFrame.swift in Sources */ = {isa = PBXBuildFile; fileRef = 5819BDC825C9E25B006EEBB2 /* AnimateSizeFrame.swift */; };
		5819BDCC25C9E40A006EEBB2 /* AnimateSizeScaleEffect.swift in Sources */ = {isa = PBXBuildFile; fileRef = 5819BDCB25C9E40A006EEBB2 /* AnimateSizeScaleEffect.swift */; };
		5819BDCF25C9E60D006EEBB2 /* AnimateScaleEffectAnchors.swift in Sources */ = {isa = PBXBuildFile; fileRef = 5819BDCE25C9E60D006EEBB2 /* AnimateScaleEffectAnchors.swift */; };
		589888AA25C9E8A500BB678D /* AnimateRoundedCorners.swift in Sources */ = {isa = PBXBuildFile; fileRef = 589888A925C9E8A500BB678D /* AnimateRoundedCorners.swift */; };
		589AB55825D14BB7007DCF99 /* TriggerView.swift in Sources */ = {isa = PBXBuildFile; fileRef = 589AB55725D14BB7007DCF99 /* TriggerView.swift */; };
		589AB55C25D153BC007DCF99 /* TableOfContentsPage.swift in Sources */ = {isa = PBXBuildFile; fileRef = 589AB55B25D153BC007DCF99 /* TableOfContentsPage.swift */; };
		589AB56025D153D8007DCF99 /* PageEnum.swift in Sources */ = {isa = PBXBuildFile; fileRef = 589AB55F25D153D8007DCF99 /* PageEnum.swift */; };
		58B8084825C9EC1E0043E235 /* AnimateTextSize.swift in Sources */ = {isa = PBXBuildFile; fileRef = 58B8084725C9EC1E0043E235 /* AnimateTextSize.swift */; };
		58B8084B25C9EDE50043E235 /* AnimateTrim.swift in Sources */ = {isa = PBXBuildFile; fileRef = 58B8084A25C9EDE50043E235 /* AnimateTrim.swift */; };
		58B8084E25C9F0150043E235 /* ChallengeTwo_Page45.swift in Sources */ = {isa = PBXBuildFile; fileRef = 58B8084D25C9F0150043E235 /* ChallengeTwo_Page45.swift */; };
		58B8085125C9F86E0043E235 /* ChallengeTwo_PtTwo.swift in Sources */ = {isa = PBXBuildFile; fileRef = 58B8085025C9F86E0043E235 /* ChallengeTwo_PtTwo.swift */; };
		58D49A5C25C9FE4F00FD6FB6 /* ChallengeTwo_PtThree.swift in Sources */ = {isa = PBXBuildFile; fileRef = 58D49A5B25C9FE4F00FD6FB6 /* ChallengeTwo_PtThree.swift */; };
/* End PBXBuildFile section */

/* Begin PBXFileReference section */
		5819BD8C25C9AB6D006EEBB2 /* BMS_AnimationBook.app */ = {isa = PBXFileReference; explicitFileType = wrapper.application; includeInIndex = 0; path = BMS_AnimationBook.app; sourceTree = BUILT_PRODUCTS_DIR; };
		5819BD8F25C9AB6D006EEBB2 /* BMS_AnimationBookApp.swift */ = {isa = PBXFileReference; lastKnownFileType = sourcecode.swift; path = BMS_AnimationBookApp.swift; sourceTree = "<group>"; };
		5819BD9125C9AB6D006EEBB2 /* NoAnimationExample.swift */ = {isa = PBXFileReference; lastKnownFileType = sourcecode.swift; path = NoAnimationExample.swift; sourceTree = "<group>"; };
		5819BD9325C9AB6E006EEBB2 /* Assets.xcassets */ = {isa = PBXFileReference; lastKnownFileType = folder.assetcatalog; path = Assets.xcassets; sourceTree = "<group>"; };
		5819BD9625C9AB6E006EEBB2 /* Preview Assets.xcassets */ = {isa = PBXFileReference; lastKnownFileType = folder.assetcatalog; path = "Preview Assets.xcassets"; sourceTree = "<group>"; };
		5819BD9825C9AB6E006EEBB2 /* Info.plist */ = {isa = PBXFileReference; lastKnownFileType = text.plist.xml; path = Info.plist; sourceTree = "<group>"; };
		5819BDA025C9AE5F006EEBB2 /* Conventions.swift */ = {isa = PBXFileReference; lastKnownFileType = sourcecode.swift; path = Conventions.swift; sourceTree = "<group>"; };
		5819BDA625C9B320006EEBB2 /* ChallengeOne_Page22.swift */ = {isa = PBXFileReference; lastKnownFileType = sourcecode.swift; path = ChallengeOne_Page22.swift; sourceTree = "<group>"; };
		5819BDAA25C9B57F006EEBB2 /* ChallengeOne_pt2.swift */ = {isa = PBXFileReference; lastKnownFileType = sourcecode.swift; path = ChallengeOne_pt2.swift; sourceTree = "<group>"; };
		5819BDAD25C9B7EC006EEBB2 /* AnimateColor.swift */ = {isa = PBXFileReference; lastKnownFileType = sourcecode.swift; path = AnimateColor.swift; sourceTree = "<group>"; };
		5819BDB325C9BA31006EEBB2 /* AnimateHueRotation.swift */ = {isa = PBXFileReference; lastKnownFileType = sourcecode.swift; path = AnimateHueRotation.swift; sourceTree = "<group>"; };
		5819BDB625C9D31F006EEBB2 /* AnimateOffset.swift */ = {isa = PBXFileReference; lastKnownFileType = sourcecode.swift; path = AnimateOffset.swift; sourceTree = "<group>"; };
		5819BDB925C9D94B006EEBB2 /* AnimateAlignment.swift */ = {isa = PBXFileReference; lastKnownFileType = sourcecode.swift; path = AnimateAlignment.swift; sourceTree = "<group>"; };
		5819BDBC25C9DBAF006EEBB2 /* AnimateGemoetryReader.swift */ = {isa = PBXFileReference; lastKnownFileType = sourcecode.swift; path = AnimateGemoetryReader.swift; sourceTree = "<group>"; };
		5819BDBF25C9DD3F006EEBB2 /* AnimateOpacity.swift */ = {isa = PBXFileReference; lastKnownFileType = sourcecode.swift; path = AnimateOpacity.swift; sourceTree = "<group>"; };
		5819BDC225C9DEBF006EEBB2 /* AnimateRotation.swift */ = {isa = PBXFileReference; lastKnownFileType = sourcecode.swift; path = AnimateRotation.swift; sourceTree = "<group>"; };
		5819BDC525C9E04F006EEBB2 /* AnimateRotationEffectAnchors.swift */ = {isa = PBXFileReference; lastKnownFileType = sourcecode.swift; path = AnimateRotationEffectAnchors.swift; sourceTree = "<group>"; };
		5819BDC825C9E25B006EEBB2 /* AnimateSizeFrame.swift */ = {isa = PBXFileReference; lastKnownFileType = sourcecode.swift; path = AnimateSizeFrame.swift; sourceTree = "<group>"; };
		5819BDCB25C9E40A006EEBB2 /* AnimateSizeScaleEffect.swift */ = {isa = PBXFileReference; lastKnownFileType = sourcecode.swift; path = AnimateSizeScaleEffect.swift; sourceTree = "<group>"; };
		5819BDCE25C9E60D006EEBB2 /* AnimateScaleEffectAnchors.swift */ = {isa = PBXFileReference; lastKnownFileType = sourcecode.swift; path = AnimateScaleEffectAnchors.swift; sourceTree = "<group>"; };
		589888A925C9E8A500BB678D /* AnimateRoundedCorners.swift */ = {isa = PBXFileReference; lastKnownFileType = sourcecode.swift; path = AnimateRoundedCorners.swift; sourceTree = "<group>"; };
		589AB55725D14BB7007DCF99 /* TriggerView.swift */ = {isa = PBXFileReference; lastKnownFileType = sourcecode.swift; path = TriggerView.swift; sourceTree = "<group>"; };
		589AB55B25D153BC007DCF99 /* TableOfContentsPage.swift */ = {isa = PBXFileReference; lastKnownFileType = sourcecode.swift; path = TableOfContentsPage.swift; sourceTree = "<group>"; };
		589AB55F25D153D8007DCF99 /* PageEnum.swift */ = {isa = PBXFileReference; lastKnownFileType = sourcecode.swift; path = PageEnum.swift; sourceTree = "<group>"; };
		58B8084725C9EC1E0043E235 /* AnimateTextSize.swift */ = {isa = PBXFileReference; lastKnownFileType = sourcecode.swift; path = AnimateTextSize.swift; sourceTree = "<group>"; };
		58B8084A25C9EDE50043E235 /* AnimateTrim.swift */ = {isa = PBXFileReference; lastKnownFileType = sourcecode.swift; path = AnimateTrim.swift; sourceTree = "<group>"; };
		58B8084D25C9F0150043E235 /* ChallengeTwo_Page45.swift */ = {isa = PBXFileReference; lastKnownFileType = sourcecode.swift; path = ChallengeTwo_Page45.swift; sourceTree = "<group>"; };
		58B8085025C9F86E0043E235 /* ChallengeTwo_PtTwo.swift */ = {isa = PBXFileReference; lastKnownFileType = sourcecode.swift; path = ChallengeTwo_PtTwo.swift; sourceTree = "<group>"; };
		58D49A5B25C9FE4F00FD6FB6 /* ChallengeTwo_PtThree.swift */ = {isa = PBXFileReference; lastKnownFileType = sourcecode.swift; path = ChallengeTwo_PtThree.swift; sourceTree = "<group>"; };
/* End PBXFileReference section */

/* Begin PBXFrameworksBuildPhase section */
		5819BD8925C9AB6D006EEBB2 /* Frameworks */ = {
			isa = PBXFrameworksBuildPhase;
			buildActionMask = 2147483647;
			files = (
			);
			runOnlyForDeploymentPostprocessing = 0;
		};
/* End PBXFrameworksBuildPhase section */

/* Begin PBXGroup section */
		5819BD8325C9AB6D006EEBB2 = {
			isa = PBXGroup;
			children = (
				5819BD8E25C9AB6D006EEBB2 /* BMS_AnimationBook */,
				5819BD8D25C9AB6D006EEBB2 /* Products */,
			);
			sourceTree = "<group>";
		};
		5819BD8D25C9AB6D006EEBB2 /* Products */ = {
			isa = PBXGroup;
			children = (
				5819BD8C25C9AB6D006EEBB2 /* BMS_AnimationBook.app */,
			);
			name = Products;
			sourceTree = "<group>";
		};
		5819BD8E25C9AB6D006EEBB2 /* BMS_AnimationBook */ = {
			isa = PBXGroup;
			children = (
				589AB55A25D153A0007DCF99 /* TopPage */,
				5819BDA525C9B2FF006EEBB2 /* GettingStarted */,
				5819BDB225C9B9F4006EEBB2 /* AnimatableProperties */,
				5819BD9F25C9AE3D006EEBB2 /* ConventionsFolder */,
				5819BD9325C9AB6E006EEBB2 /* Assets.xcassets */,
				5819BD9825C9AB6E006EEBB2 /* Info.plist */,
				5819BD9525C9AB6E006EEBB2 /* Preview Content */,
			);
			path = BMS_AnimationBook;
			sourceTree = "<group>";
		};
		5819BD9525C9AB6E006EEBB2 /* Preview Content */ = {
			isa = PBXGroup;
			children = (
				5819BD9625C9AB6E006EEBB2 /* Preview Assets.xcassets */,
			);
			path = "Preview Content";
			sourceTree = "<group>";
		};
		5819BD9F25C9AE3D006EEBB2 /* ConventionsFolder */ = {
			isa = PBXGroup;
			children = (
				5819BDA025C9AE5F006EEBB2 /* Conventions.swift */,
			);
			path = ConventionsFolder;
			sourceTree = "<group>";
		};
		5819BDA525C9B2FF006EEBB2 /* GettingStarted */ = {
			isa = PBXGroup;
			children = (
				5819BD9125C9AB6D006EEBB2 /* NoAnimationExample.swift */,
				5819BDA625C9B320006EEBB2 /* ChallengeOne_Page22.swift */,
				5819BDAA25C9B57F006EEBB2 /* ChallengeOne_pt2.swift */,
			);
			path = GettingStarted;
			sourceTree = "<group>";
		};
		5819BDB225C9B9F4006EEBB2 /* AnimatableProperties */ = {
			isa = PBXGroup;
			children = (
				5819BDAD25C9B7EC006EEBB2 /* AnimateColor.swift */,
				5819BDB325C9BA31006EEBB2 /* AnimateHueRotation.swift */,
				5819BDB625C9D31F006EEBB2 /* AnimateOffset.swift */,
				5819BDB925C9D94B006EEBB2 /* AnimateAlignment.swift */,
				5819BDBC25C9DBAF006EEBB2 /* AnimateGemoetryReader.swift */,
				5819BDBF25C9DD3F006EEBB2 /* AnimateOpacity.swift */,
				5819BDC225C9DEBF006EEBB2 /* AnimateRotation.swift */,
				5819BDC525C9E04F006EEBB2 /* AnimateRotationEffectAnchors.swift */,
				5819BDC825C9E25B006EEBB2 /* AnimateSizeFrame.swift */,
				5819BDCB25C9E40A006EEBB2 /* AnimateSizeScaleEffect.swift */,
				5819BDCE25C9E60D006EEBB2 /* AnimateScaleEffectAnchors.swift */,
				589888A925C9E8A500BB678D /* AnimateRoundedCorners.swift */,
				58B8084725C9EC1E0043E235 /* AnimateTextSize.swift */,
				58B8084A25C9EDE50043E235 /* AnimateTrim.swift */,
				58B8084D25C9F0150043E235 /* ChallengeTwo_Page45.swift */,
				58B8085025C9F86E0043E235 /* ChallengeTwo_PtTwo.swift */,
				58D49A5B25C9FE4F00FD6FB6 /* ChallengeTwo_PtThree.swift */,
				589AB55725D14BB7007DCF99 /* TriggerView.swift */,
			);
			name = AnimatableProperties;
			sourceTree = "<group>";
		};
		589AB55A25D153A0007DCF99 /* TopPage */ = {
			isa = PBXGroup;
			children = (
				589AB55B25D153BC007DCF99 /* TableOfContentsPage.swift */,
				5819BD8F25C9AB6D006EEBB2 /* BMS_AnimationBookApp.swift */,
				589AB55F25D153D8007DCF99 /* PageEnum.swift */,
			);
			path = TopPage;
			sourceTree = "<group>";
		};
/* End PBXGroup section */

/* Begin PBXNativeTarget section */
		5819BD8B25C9AB6D006EEBB2 /* BMS_AnimationBook */ = {
			isa = PBXNativeTarget;
			buildConfigurationList = 5819BD9B25C9AB6E006EEBB2 /* Build configuration list for PBXNativeTarget "BMS_AnimationBook" */;
			buildPhases = (
				5819BD8825C9AB6D006EEBB2 /* Sources */,
				5819BD8925C9AB6D006EEBB2 /* Frameworks */,
				5819BD8A25C9AB6D006EEBB2 /* Resources */,
			);
			buildRules = (
			);
			dependencies = (
			);
			name = BMS_AnimationBook;
			productName = BMS_AnimationBook;
			productReference = 5819BD8C25C9AB6D006EEBB2 /* BMS_AnimationBook.app */;
			productType = "com.apple.product-type.application";
		};
/* End PBXNativeTarget section */

/* Begin PBXProject section */
		5819BD8425C9AB6D006EEBB2 /* Project object */ = {
			isa = PBXProject;
			attributes = {
				LastSwiftUpdateCheck = 1230;
				LastUpgradeCheck = 1230;
				TargetAttributes = {
					5819BD8B25C9AB6D006EEBB2 = {
						CreatedOnToolsVersion = 12.3;
					};
				};
			};
			buildConfigurationList = 5819BD8725C9AB6D006EEBB2 /* Build configuration list for PBXProject "BMS_AnimationBook" */;
			compatibilityVersion = "Xcode 9.3";
			developmentRegion = en;
			hasScannedForEncodings = 0;
			knownRegions = (
				en,
				Base,
			);
			mainGroup = 5819BD8325C9AB6D006EEBB2;
			productRefGroup = 5819BD8D25C9AB6D006EEBB2 /* Products */;
			projectDirPath = "";
			projectRoot = "";
			targets = (
				5819BD8B25C9AB6D006EEBB2 /* BMS_AnimationBook */,
			);
		};
/* End PBXProject section */

/* Begin PBXResourcesBuildPhase section */
		5819BD8A25C9AB6D006EEBB2 /* Resources */ = {
			isa = PBXResourcesBuildPhase;
			buildActionMask = 2147483647;
			files = (
				5819BD9725C9AB6E006EEBB2 /* Preview Assets.xcassets in Resources */,
				5819BD9425C9AB6E006EEBB2 /* Assets.xcassets in Resources */,
			);
			runOnlyForDeploymentPostprocessing = 0;
		};
/* End PBXResourcesBuildPhase section */

/* Begin PBXSourcesBuildPhase section */
		5819BD8825C9AB6D006EEBB2 /* Sources */ = {
			isa = PBXSourcesBuildPhase;
			buildActionMask = 2147483647;
			files = (
				5819BDBD25C9DBAF006EEBB2 /* AnimateGemoetryReader.swift in Sources */,
				5819BD9225C9AB6D006EEBB2 /* NoAnimationExample.swift in Sources */,
				58B8084E25C9F0150043E235 /* ChallengeTwo_Page45.swift in Sources */,
				5819BDA725C9B320006EEBB2 /* ChallengeOne_Page22.swift in Sources */,
				58B8084825C9EC1E0043E235 /* AnimateTextSize.swift in Sources */,
				5819BDC325C9DEBF006EEBB2 /* AnimateRotation.swift in Sources */,
				5819BDAB25C9B57F006EEBB2 /* ChallengeOne_pt2.swift in Sources */,
				58B8084B25C9EDE50043E235 /* AnimateTrim.swift in Sources */,
				5819BDBA25C9D94B006EEBB2 /* AnimateAlignment.swift in Sources */,
				5819BDA125C9AE5F006EEBB2 /* Conventions.swift in Sources */,
				5819BDC625C9E04F006EEBB2 /* AnimateRotationEffectAnchors.swift in Sources */,
				5819BDB725C9D31F006EEBB2 /* AnimateOffset.swift in Sources */,
				589AB56025D153D8007DCF99 /* PageEnum.swift in Sources */,
				5819BD9025C9AB6D006EEBB2 /* BMS_AnimationBookApp.swift in Sources */,
				5819BDB425C9BA31006EEBB2 /* AnimateHueRotation.swift in Sources */,
				589AB55825D14BB7007DCF99 /* TriggerView.swift in Sources */,
				58B8085125C9F86E0043E235 /* ChallengeTwo_PtTwo.swift in Sources */,
				5819BDCC25C9E40A006EEBB2 /* AnimateSizeScaleEffect.swift in Sources */,
				5819BDCF25C9E60D006EEBB2 /* AnimateScaleEffectAnchors.swift in Sources */,
				5819BDC025C9DD3F006EEBB2 /* AnimateOpacity.swift in Sources */,
				5819BDC925C9E25B006EEBB2 /* AnimateSizeFrame.swift in Sources */,
				589AB55C25D153BC007DCF99 /* TableOfContentsPage.swift in Sources */,
				589888AA25C9E8A500BB678D /* AnimateRoundedCorners.swift in Sources */,
				5819BDAE25C9B7EC006EEBB2 /* AnimateColor.swift in Sources */,
				58D49A5C25C9FE4F00FD6FB6 /* ChallengeTwo_PtThree.swift in Sources */,
			);
			runOnlyForDeploymentPostprocessing = 0;
		};
/* End PBXSourcesBuildPhase section */

/* Begin XCBuildConfiguration section */
		5819BD9925C9AB6E006EEBB2 /* Debug */ = {
			isa = XCBuildConfiguration;
			buildSettings = {
				ALWAYS_SEARCH_USER_PATHS = NO;
				CLANG_ANALYZER_NONNULL = YES;
				CLANG_ANALYZER_NUMBER_OBJECT_CONVERSION = YES_AGGRESSIVE;
				CLANG_CXX_LANGUAGE_STANDARD = "gnu++14";
				CLANG_CXX_LIBRARY = "libc++";
				CLANG_ENABLE_MODULES = YES;
				CLANG_ENABLE_OBJC_ARC = YES;
				CLANG_ENABLE_OBJC_WEAK = YES;
				CLANG_WARN_BLOCK_CAPTURE_AUTORELEASING = YES;
				CLANG_WARN_BOOL_CONVERSION = YES;
				CLANG_WARN_COMMA = YES;
				CLANG_WARN_CONSTANT_CONVERSION = YES;
				CLANG_WARN_DEPRECATED_OBJC_IMPLEMENTATIONS = YES;
				CLANG_WARN_DIRECT_OBJC_ISA_USAGE = YES_ERROR;
				CLANG_WARN_DOCUMENTATION_COMMENTS = YES;
				CLANG_WARN_EMPTY_BODY = YES;
				CLANG_WARN_ENUM_CONVERSION = YES;
				CLANG_WARN_INFINITE_RECURSION = YES;
				CLANG_WARN_INT_CONVERSION = YES;
				CLANG_WARN_NON_LITERAL_NULL_CONVERSION = YES;
				CLANG_WARN_OBJC_IMPLICIT_RETAIN_SELF = YES;
				CLANG_WARN_OBJC_LITERAL_CONVERSION = YES;
				CLANG_WARN_OBJC_ROOT_CLASS = YES_ERROR;
				CLANG_WARN_QUOTED_INCLUDE_IN_FRAMEWORK_HEADER = YES;
				CLANG_WARN_RANGE_LOOP_ANALYSIS = YES;
				CLANG_WARN_STRICT_PROTOTYPES = YES;
				CLANG_WARN_SUSPICIOUS_MOVE = YES;
				CLANG_WARN_UNGUARDED_AVAILABILITY = YES_AGGRESSIVE;
				CLANG_WARN_UNREACHABLE_CODE = YES;
				CLANG_WARN__DUPLICATE_METHOD_MATCH = YES;
				COPY_PHASE_STRIP = NO;
				DEBUG_INFORMATION_FORMAT = dwarf;
				ENABLE_STRICT_OBJC_MSGSEND = YES;
				ENABLE_TESTABILITY = YES;
				GCC_C_LANGUAGE_STANDARD = gnu11;
				GCC_DYNAMIC_NO_PIC = NO;
				GCC_NO_COMMON_BLOCKS = YES;
				GCC_OPTIMIZATION_LEVEL = 0;
				GCC_PREPROCESSOR_DEFINITIONS = (
					"DEBUG=1",
					"$(inherited)",
				);
				GCC_WARN_64_TO_32_BIT_CONVERSION = YES;
				GCC_WARN_ABOUT_RETURN_TYPE = YES_ERROR;
				GCC_WARN_UNDECLARED_SELECTOR = YES;
				GCC_WARN_UNINITIALIZED_AUTOS = YES_AGGRESSIVE;
				GCC_WARN_UNUSED_FUNCTION = YES;
				GCC_WARN_UNUSED_VARIABLE = YES;
				IPHONEOS_DEPLOYMENT_TARGET = 14.3;
				MTL_ENABLE_DEBUG_INFO = INCLUDE_SOURCE;
				MTL_FAST_MATH = YES;
				ONLY_ACTIVE_ARCH = YES;
				SDKROOT = iphoneos;
				SWIFT_ACTIVE_COMPILATION_CONDITIONS = DEBUG;
				SWIFT_OPTIMIZATION_LEVEL = "-Onone";
			};
			name = Debug;
		};
		5819BD9A25C9AB6E006EEBB2 /* Release */ = {
			isa = XCBuildConfiguration;
			buildSettings = {
				ALWAYS_SEARCH_USER_PATHS = NO;
				CLANG_ANALYZER_NONNULL = YES;
				CLANG_ANALYZER_NUMBER_OBJECT_CONVERSION = YES_AGGRESSIVE;
				CLANG_CXX_LANGUAGE_STANDARD = "gnu++14";
				CLANG_CXX_LIBRARY = "libc++";
				CLANG_ENABLE_MODULES = YES;
				CLANG_ENABLE_OBJC_ARC = YES;
				CLANG_ENABLE_OBJC_WEAK = YES;
				CLANG_WARN_BLOCK_CAPTURE_AUTORELEASING = YES;
				CLANG_WARN_BOOL_CONVERSION = YES;
				CLANG_WARN_COMMA = YES;
				CLANG_WARN_CONSTANT_CONVERSION = YES;
				CLANG_WARN_DEPRECATED_OBJC_IMPLEMENTATIONS = YES;
				CLANG_WARN_DIRECT_OBJC_ISA_USAGE = YES_ERROR;
				CLANG_WARN_DOCUMENTATION_COMMENTS = YES;
				CLANG_WARN_EMPTY_BODY = YES;
				CLANG_WARN_ENUM_CONVERSION = YES;
				CLANG_WARN_INFINITE_RECURSION = YES;
				CLANG_WARN_INT_CONVERSION = YES;
				CLANG_WARN_NON_LITERAL_NULL_CONVERSION = YES;
				CLANG_WARN_OBJC_IMPLICIT_RETAIN_SELF = YES;
				CLANG_WARN_OBJC_LITERAL_CONVERSION = YES;
				CLANG_WARN_OBJC_ROOT_CLASS = YES_ERROR;
				CLANG_WARN_QUOTED_INCLUDE_IN_FRAMEWORK_HEADER = YES;
				CLANG_WARN_RANGE_LOOP_ANALYSIS = YES;
				CLANG_WARN_STRICT_PROTOTYPES = YES;
				CLANG_WARN_SUSPICIOUS_MOVE = YES;
				CLANG_WARN_UNGUARDED_AVAILABILITY = YES_AGGRESSIVE;
				CLANG_WARN_UNREACHABLE_CODE = YES;
				CLANG_WARN__DUPLICATE_METHOD_MATCH = YES;
				COPY_PHASE_STRIP = NO;
				DEBUG_INFORMATION_FORMAT = "dwarf-with-dsym";
				ENABLE_NS_ASSERTIONS = NO;
				ENABLE_STRICT_OBJC_MSGSEND = YES;
				GCC_C_LANGUAGE_STANDARD = gnu11;
				GCC_NO_COMMON_BLOCKS = YES;
				GCC_WARN_64_TO_32_BIT_CONVERSION = YES;
				GCC_WARN_ABOUT_RETURN_TYPE = YES_ERROR;
				GCC_WARN_UNDECLARED_SELECTOR = YES;
				GCC_WARN_UNINITIALIZED_AUTOS = YES_AGGRESSIVE;
				GCC_WARN_UNUSED_FUNCTION = YES;
				GCC_WARN_UNUSED_VARIABLE = YES;
				IPHONEOS_DEPLOYMENT_TARGET = 14.3;
				MTL_ENABLE_DEBUG_INFO = NO;
				MTL_FAST_MATH = YES;
				SDKROOT = iphoneos;
				SWIFT_COMPILATION_MODE = wholemodule;
				SWIFT_OPTIMIZATION_LEVEL = "-O";
				VALIDATE_PRODUCT = YES;
			};
			name = Release;
		};
		5819BD9C25C9AB6E006EEBB2 /* Debug */ = {
			isa = XCBuildConfiguration;
			buildSettings = {
				ASSETCATALOG_COMPILER_APPICON_NAME = AppIcon;
				ASSETCATALOG_COMPILER_GLOBAL_ACCENT_COLOR_NAME = AccentColor;
				CODE_SIGN_STYLE = Automatic;
				DEVELOPMENT_ASSET_PATHS = "\"BMS_AnimationBook/Preview Content\"";
				DEVELOPMENT_TEAM = 3YV6C3YLPG;
				ENABLE_PREVIEWS = YES;
				INFOPLIST_FILE = BMS_AnimationBook/Info.plist;
				IPHONEOS_DEPLOYMENT_TARGET = 14.0;
				LD_RUNPATH_SEARCH_PATHS = (
					"$(inherited)",
					"@executable_path/Frameworks",
				);
				PRODUCT_BUNDLE_IDENTIFIER = "org.ericdavenport.BMS-AnimationBook";
				PRODUCT_NAME = "$(TARGET_NAME)";
				SWIFT_VERSION = 5.0;
				TARGETED_DEVICE_FAMILY = "1,2";
			};
			name = Debug;
		};
		5819BD9D25C9AB6E006EEBB2 /* Release */ = {
			isa = XCBuildConfiguration;
			buildSettings = {
				ASSETCATALOG_COMPILER_APPICON_NAME = AppIcon;
				ASSETCATALOG_COMPILER_GLOBAL_ACCENT_COLOR_NAME = AccentColor;
				CODE_SIGN_STYLE = Automatic;
				DEVELOPMENT_ASSET_PATHS = "\"BMS_AnimationBook/Preview Content\"";
				DEVELOPMENT_TEAM = 3YV6C3YLPG;
				ENABLE_PREVIEWS = YES;
				INFOPLIST_FILE = BMS_AnimationBook/Info.plist;
				IPHONEOS_DEPLOYMENT_TARGET = 14.0;
				LD_RUNPATH_SEARCH_PATHS = (
					"$(inherited)",
					"@executable_path/Frameworks",
				);
				PRODUCT_BUNDLE_IDENTIFIER = "org.ericdavenport.BMS-AnimationBook";
				PRODUCT_NAME = "$(TARGET_NAME)";
				SWIFT_VERSION = 5.0;
				TARGETED_DEVICE_FAMILY = "1,2";
			};
			name = Release;
		};
/* End XCBuildConfiguration section */

/* Begin XCConfigurationList section */
		5819BD8725C9AB6D006EEBB2 /* Build configuration list for PBXProject "BMS_AnimationBook" */ = {
			isa = XCConfigurationList;
			buildConfigurations = (
				5819BD9925C9AB6E006EEBB2 /* Debug */,
				5819BD9A25C9AB6E006EEBB2 /* Release */,
			);
			defaultConfigurationIsVisible = 0;
			defaultConfigurationName = Release;
		};
		5819BD9B25C9AB6E006EEBB2 /* Build configuration list for PBXNativeTarget "BMS_AnimationBook" */ = {
			isa = XCConfigurationList;
			buildConfigurations = (
				5819BD9C25C9AB6E006EEBB2 /* Debug */,
				5819BD9D25C9AB6E006EEBB2 /* Release */,
			);
			defaultConfigurationIsVisible = 0;
			defaultConfigurationName = Release;
		};
/* End XCConfigurationList section */
	};
	rootObject = 5819BD8425C9AB6D006EEBB2 /* Project object */;
}
